
Microsoft Visual Studio Solution File, Format Version 12.00
# Visual Studio Version 16
VisualStudioVersion = 16.0.31005.135
MinimumVisualStudioVersion = 10.0.40219.1
Project("{9A19103F-16F7-4668-BE54-9A1E7A4F7556}") = "DesignPatterns.Builder", "DesignPatterns.Builder\DesignPatterns.Builder.csproj", "{E7E86B03-12E8-49A5-A38A-004935F29DCB}"
EndProject
Project("{FAE04EC0-301F-11D3-BF4B-00C04F79EFBC}") = "DeisgnPatterns.Factories", "DeisgnPatterns.Factories\DeisgnPatterns.Factories.csproj", "{7F6FD78E-0636-48D1-973C-6219C83BBA5A}"
EndProject
Global
	GlobalSection(SolutionConfigurationPlatforms) = preSolution
		Debug|Any CPU = Debug|Any CPU
		Release|Any CPU = Release|Any CPU
	EndGlobalSection
	GlobalSection(ProjectConfigurationPlatforms) = postSolution
		{E7E86B03-12E8-49A5-A38A-004935F29DCB}.Debug|Any CPU.ActiveCfg = Debug|Any CPU
		{E7E86B03-12E8-49A5-A38A-004935F29DCB}.Debug|Any CPU.Build.0 = Debug|Any CPU
		{E7E86B03-12E8-49A5-A38A-004935F29DCB}.Release|Any CPU.ActiveCfg = Release|Any CPU
		{E7E86B03-12E8-49A5-A38A-004935F29DCB}.Release|Any CPU.Build.0 = Release|Any CPU
		{7F6FD78E-0636-48D1-973C-6219C83BBA5A}.Debug|Any CPU.ActiveCfg = Debug|Any CPU
		{7F6FD78E-0636-48D1-973C-6219C83BBA5A}.Debug|Any CPU.Build.0 = Debug|Any CPU
		{7F6FD78E-0636-48D1-973C-6219C83BBA5A}.Release|Any CPU.ActiveCfg = Release|Any CPU
		{7F6FD78E-0636-48D1-973C-6219C83BBA5A}.Release|Any CPU.Build.0 = Release|Any CPU
	EndGlobalSection
	GlobalSection(SolutionProperties) = preSolution
		HideSolutionNode = FALSE
	EndGlobalSection
	GlobalSection(ExtensibilityGlobals) = postSolution
		SolutionGuid = {E8EF52F5-4544-4F36-9725-AB4DA20777E7}
	EndGlobalSection
EndGlobal
